
Microsoft Visual Studio Solution File, Format Version 12.00
# Visual Studio Version 16
VisualStudioVersion = 16.0.30105.148
MinimumVisualStudioVersion = 10.0.40219.1
Project("{FAE04EC0-301F-11D3-BF4B-00C04F79EFBC}") = "BookClubSignupProcessor", "BookClubSignupProcessor\BookClubSignupProcessor.csproj", "{EE0244ED-E363-47FA-9C96-0E4B172B2F6E}"
EndProject
Global
	GlobalSection(SolutionConfigurationPlatforms) = preSolution
		Debug|Any CPU = Debug|Any CPU
		Release|Any CPU = Release|Any CPU
	EndGlobalSection
	GlobalSection(ProjectConfigurationPlatforms) = postSolution
		{EE0244ED-E363-47FA-9C96-0E4B172B2F6E}.Debug|Any CPU.ActiveCfg = Debug|Any CPU
		{EE0244ED-E363-47FA-9C96-0E4B172B2F6E}.Debug|Any CPU.Build.0 = Debug|Any CPU
		{EE0244ED-E363-47FA-9C96-0E4B172B2F6E}.Release|Any CPU.ActiveCfg = Release|Any CPU
		{EE0244ED-E363-47FA-9C96-0E4B172B2F6E}.Release|Any CPU.Build.0 = Release|Any CPU
	EndGlobalSection
	GlobalSection(SolutionProperties) = preSolution
		HideSolutionNode = FALSE
	EndGlobalSection
	GlobalSection(ExtensibilityGlobals) = postSolution
		SolutionGuid = {9333E4BD-DC43-43A3-8BC2-D14BD42611DF}
	EndGlobalSection
EndGlobal
