
Microsoft Visual Studio Solution File, Format Version 12.00
# Visual Studio Version 16
VisualStudioVersion = 16.0.29613.14
MinimumVisualStudioVersion = 10.0.40219.1
Project("{9A19103F-16F7-4668-BE54-9A1E7A4F7556}") = "SignupApi", "SignupApi\SignupApi.csproj", "{A2DE88CD-5DF9-4577-8FE1-D63FECE7E0F1}"
EndProject
Global
	GlobalSection(SolutionConfigurationPlatforms) = preSolution
		Debug|Any CPU = Debug|Any CPU
		Release|Any CPU = Release|Any CPU
	EndGlobalSection
	GlobalSection(ProjectConfigurationPlatforms) = postSolution
		{A2DE88CD-5DF9-4577-8FE1-D63FECE7E0F1}.Debug|Any CPU.ActiveCfg = Debug|Any CPU
		{A2DE88CD-5DF9-4577-8FE1-D63FECE7E0F1}.Debug|Any CPU.Build.0 = Debug|Any CPU
		{A2DE88CD-5DF9-4577-8FE1-D63FECE7E0F1}.Release|Any CPU.ActiveCfg = Release|Any CPU
		{A2DE88CD-5DF9-4577-8FE1-D63FECE7E0F1}.Release|Any CPU.Build.0 = Release|Any CPU
	EndGlobalSection
	GlobalSection(SolutionProperties) = preSolution
		HideSolutionNode = FALSE
	EndGlobalSection
	GlobalSection(ExtensibilityGlobals) = postSolution
		SolutionGuid = {62A37402-9AA2-4412-BDD1-FC0AF59C67EE}
	EndGlobalSection
EndGlobal
